
Microsoft Visual Studio Solution File, Format Version 12.00
Project("{FAE04EC0-301F-11D3-BF4B-00C04F79EFBC}") = "WallWPF", "WallWPF\WallWPF.csproj", "{11C0BA83-1A95-4CF9-880A-F348DD0BA17A}"
EndProject
Global
	GlobalSection(SolutionConfigurationPlatforms) = preSolution
		Debug|Any CPU = Debug|Any CPU
		Release|Any CPU = Release|Any CPU
	EndGlobalSection
	GlobalSection(ProjectConfigurationPlatforms) = postSolution
		{11C0BA83-1A95-4CF9-880A-F348DD0BA17A}.Debug|Any CPU.ActiveCfg = Debug|Any CPU
		{11C0BA83-1A95-4CF9-880A-F348DD0BA17A}.Debug|Any CPU.Build.0 = Debug|Any CPU
		{11C0BA83-1A95-4CF9-880A-F348DD0BA17A}.Release|Any CPU.ActiveCfg = Release|Any CPU
		{11C0BA83-1A95-4CF9-880A-F348DD0BA17A}.Release|Any CPU.Build.0 = Release|Any CPU
	EndGlobalSection
EndGlobal
